dependencies:
  espressif/mdns:
    component_hash: b5b30022c46302eab89c1d2e3b6fb5918a627563a7462f0ee284b22b9a934967
    dependencies:
    - name: idf
      require: private
      version: '>=5.0'
    source:
      registry_url: https://components.espressif.com/
      type: service
    version: 1.14.0
  idf:
    source:
      type: idf
    version: 5.5.3
direct_dependencies:
- espressif/mdns
manifest_hash: 9c688bff438333c05677f3cc7fec65187e57ae41bb22c7a6372f2e8fd2430c77
target: esp32
version: 2.0.0
